
Microsoft Visual Studio Solution File, Format Version 12.00
# Visual Studio 15
VisualStudioVersion = 15.0.27004.2005
MinimumVisualStudioVersion = 10.0.40219.1
Project("{FAE04EC0-301F-11D3-BF4B-00C04F79EFBC}") = "Convergence.Demo", "Convergence.Demo\Convergence.Demo.csproj", "{5B536E7E-F7B3-413A-B15E-DF5EE8DF1AF6}"
EndProject
Global
	GlobalSection(SolutionConfigurationPlatforms) = preSolution
		Debug|Any CPU = Debug|Any CPU
		Release|Any CPU = Release|Any CPU
	EndGlobalSection
	GlobalSection(ProjectConfigurationPlatforms) = postSolution
		{5B536E7E-F7B3-413A-B15E-DF5EE8DF1AF6}.Debug|Any CPU.ActiveCfg = Debug|Any CPU
		{5B536E7E-F7B3-413A-B15E-DF5EE8DF1AF6}.Debug|Any CPU.Build.0 = Debug|Any CPU
		{5B536E7E-F7B3-413A-B15E-DF5EE8DF1AF6}.Release|Any CPU.ActiveCfg = Release|Any CPU
		{5B536E7E-F7B3-413A-B15E-DF5EE8DF1AF6}.Release|Any CPU.Build.0 = Release|Any CPU
	EndGlobalSection
	GlobalSection(SolutionProperties) = preSolution
		HideSolutionNode = FALSE
	EndGlobalSection
	GlobalSection(ExtensibilityGlobals) = postSolution
		SolutionGuid = {BC486212-AE04-404E-9F57-452B0367E48C}
	EndGlobalSection
EndGlobal
